
Microsoft Visual Studio Solution File, Format Version 12.00
# Visual Studio 15
Project("{8BC9CEB8-8B4A-11D0-8D11-00A0C91BC942}") = "STM32F103VGT6Project", "STM32F103VGT6Project.vcxproj", "{36DCBBD8-226B-45A2-CB89-599DB7F75548}"
EndProject
Global
	GlobalSection(SolutionConfigurationPlatforms) = preSolution
		STM32F103VGT6Project|Win32 = STM32F103VGT6Project|Win32
	EndGlobalSection
	GlobalSection(ProjectConfigurationPlatforms) = postSolution
		{36DCBBD8-226B-45A2-CB89-599DB7F75548}.STM32F103VGT6Project|Win32.ActiveCfg = STM32F103VGT6Project|Win32
		{36DCBBD8-226B-45A2-CB89-599DB7F75548}.STM32F103VGT6Project|Win32.Build.0 = STM32F103VGT6Project|Win32
	EndGlobalSection
	GlobalSection(SolutionProperties) = preSolution
		HideSolutionNode = FALSE
	EndGlobalSection
EndGlobal
